
Microsoft Visual Studio Solution File, Format Version 12.00
# Visual Studio Version 17
VisualStudioVersion = 17.8.34330.188
MinimumVisualStudioVersion = 10.0.40219.1
Project("{FAE04EC0-301F-11D3-BF4B-00C04F79EFBC}") = "aoc.Tests", "aoc.Tests\aoc.Tests.csproj", "{076D70D3-C171-4F85-A65C-93EE8409D1C5}"
EndProject
Project("{FAE04EC0-301F-11D3-BF4B-00C04F79EFBC}") = "aoc.Console", "aoc.Console\aoc.Console.csproj", "{D54A5FF6-6DED-44F0-979E-F1B1F4CF163E}"
EndProject
Global
	GlobalSection(SolutionConfigurationPlatforms) = preSolution
		Debug|Any CPU = Debug|Any CPU
		Release|Any CPU = Release|Any CPU
	EndGlobalSection
	GlobalSection(ProjectConfigurationPlatforms) = postSolution
		{076D70D3-C171-4F85-A65C-93EE8409D1C5}.Debug|Any CPU.ActiveCfg = Debug|Any CPU
		{076D70D3-C171-4F85-A65C-93EE8409D1C5}.Debug|Any CPU.Build.0 = Debug|Any CPU
		{076D70D3-C171-4F85-A65C-93EE8409D1C5}.Release|Any CPU.ActiveCfg = Release|Any CPU
		{076D70D3-C171-4F85-A65C-93EE8409D1C5}.Release|Any CPU.Build.0 = Release|Any CPU
		{D54A5FF6-6DED-44F0-979E-F1B1F4CF163E}.Debug|Any CPU.ActiveCfg = Debug|Any CPU
		{D54A5FF6-6DED-44F0-979E-F1B1F4CF163E}.Debug|Any CPU.Build.0 = Debug|Any CPU
		{D54A5FF6-6DED-44F0-979E-F1B1F4CF163E}.Release|Any CPU.ActiveCfg = Release|Any CPU
		{D54A5FF6-6DED-44F0-979E-F1B1F4CF163E}.Release|Any CPU.Build.0 = Release|Any CPU
	EndGlobalSection
	GlobalSection(SolutionProperties) = preSolution
		HideSolutionNode = FALSE
	EndGlobalSection
	GlobalSection(ExtensibilityGlobals) = postSolution
		SolutionGuid = {8561EBDA-9366-48F0-AEEA-9FBCBDBB74A4}
	EndGlobalSection
EndGlobal
